// !$*UTF8*$!
{
	archiveVersion = 1;
	classes = {
	};
	objectVersion = 56;
	objects = {

/* Begin PBXBuildFile section */
		EA0F2B272C55429E0035FCF9 /* Spotify_SwiftUIApp.swift in Sources */ = {isa = PBXBuildFile; fileRef = EA0F2B262C55429E0035FCF9 /* Spotify_SwiftUIApp.swift */; };
		EA0F2B292C55429E0035FCF9 /* ContentView.swift in Sources */ = {isa = PBXBuildFile; fileRef = EA0F2B282C55429E0035FCF9 /* ContentView.swift */; };
		EA0F2B2B2C55429F0035FCF9 /* Assets.xcassets in Resources */ = {isa = PBXBuildFile; fileRef = EA0F2B2A2C55429F0035FCF9 /* Assets.xcassets */; };
		EA0F2B2E2C55429F0035FCF9 /* Preview Assets.xcassets in Resources */ = {isa = PBXBuildFile; fileRef = EA0F2B2D2C55429F0035FCF9 /* Preview Assets.xcassets */; };
		EA0F2B362C5545F80035FCF9 /* SDWebImageSwiftUI in Frameworks */ = {isa = PBXBuildFile; productRef = EA0F2B352C5545F80035FCF9 /* SDWebImageSwiftUI */; };
		EA0F2B392C5546B90035FCF9 /* imageLoaderView.swift in Sources */ = {isa = PBXBuildFile; fileRef = EA0F2B382C5546B90035FCF9 /* imageLoaderView.swift */; };
		EA0F2B3B2C5546E20035FCF9 /* constants.swift in Sources */ = {isa = PBXBuildFile; fileRef = EA0F2B3A2C5546E20035FCF9 /* constants.swift */; };
		EA0F2B3D2C554A5B0035FCF9 /* databaseManager.swift in Sources */ = {isa = PBXBuildFile; fileRef = EA0F2B3C2C554A5B0035FCF9 /* databaseManager.swift */; };
		EA0F2B3F2C5623EB0035FCF9 /* productsModel.swift in Sources */ = {isa = PBXBuildFile; fileRef = EA0F2B3E2C5623EB0035FCF9 /* productsModel.swift */; };
		EA0F2B412C5624070035FCF9 /* usersModel.swift in Sources */ = {isa = PBXBuildFile; fileRef = EA0F2B402C5624070035FCF9 /* usersModel.swift */; };
		EA0F2B442C5625780035FCF9 /* SwiftfulUI in Frameworks */ = {isa = PBXBuildFile; productRef = EA0F2B432C5625780035FCF9 /* SwiftfulUI */; };
		EA0F2B472C56262B0035FCF9 /* SwiftfulRouting in Frameworks */ = {isa = PBXBuildFile; productRef = EA0F2B462C56262B0035FCF9 /* SwiftfulRouting */; };
		EA0F2B4B2C5636D80035FCF9 /* HomeView.swift in Sources */ = {isa = PBXBuildFile; fileRef = EA0F2B4A2C5636D80035FCF9 /* HomeView.swift */; };
		EA0F2B4D2C5646F70035FCF9 /* CategoryCell.swift in Sources */ = {isa = PBXBuildFile; fileRef = EA0F2B4C2C5646F70035FCF9 /* CategoryCell.swift */; };
		EA0F2B502C564B150035FCF9 /* CategoryModel.swift in Sources */ = {isa = PBXBuildFile; fileRef = EA0F2B4F2C564B150035FCF9 /* CategoryModel.swift */; };
		EA6261842C62A47800059D9A /* RecentCell.swift in Sources */ = {isa = PBXBuildFile; fileRef = EA6261832C62A47800059D9A /* RecentCell.swift */; };
		EAC1B3C32CA7CDBE0035F4E6 /* PlaylistView.swift in Sources */ = {isa = PBXBuildFile; fileRef = EAC1B3C22CA7CDBE0035F4E6 /* PlaylistView.swift */; };
		EAC1B3C52CA7CE610035F4E6 /* playlistHeaderCell.swift in Sources */ = {isa = PBXBuildFile; fileRef = EAC1B3C42CA7CE610035F4E6 /* playlistHeaderCell.swift */; };
		EAC1B3C72CA86E980035F4E6 /* playlistDescCell.swift in Sources */ = {isa = PBXBuildFile; fileRef = EAC1B3C62CA86E980035F4E6 /* playlistDescCell.swift */; };
		EAC1B3C92CA959900035F4E6 /* songRowCell.swift in Sources */ = {isa = PBXBuildFile; fileRef = EAC1B3C82CA959900035F4E6 /* songRowCell.swift */; };
		EAEE9F8E2C8720F300973BB3 /* NewReleaseCell.swift in Sources */ = {isa = PBXBuildFile; fileRef = EAEE9F8D2C8720F300973BB3 /* NewReleaseCell.swift */; };
		EAEE9F902C87412200973BB3 /* RowCellView.swift in Sources */ = {isa = PBXBuildFile; fileRef = EAEE9F8F2C87412200973BB3 /* RowCellView.swift */; };
/* End PBXBuildFile section */

/* Begin PBXFileReference section */
		EA0F2B232C55429E0035FCF9 /* Spotify-SwiftUI.app */ = {isa = PBXFileReference; explicitFileType = wrapper.application; includeInIndex = 0; path = "Spotify-SwiftUI.app"; sourceTree = BUILT_PRODUCTS_DIR; };
		EA0F2B262C55429E0035FCF9 /* Spotify_SwiftUIApp.swift */ = {isa = PBXFileReference; lastKnownFileType = sourcecode.swift; path = Spotify_SwiftUIApp.swift; sourceTree = "<group>"; };
		EA0F2B282C55429E0035FCF9 /* ContentView.swift */ = {isa = PBXFileReference; lastKnownFileType = sourcecode.swift; path = ContentView.swift; sourceTree = "<group>"; };
		EA0F2B2A2C55429F0035FCF9 /* Assets.xcassets */ = {isa = PBXFileReference; lastKnownFileType = folder.assetcatalog; path = Assets.xcassets; sourceTree = "<group>"; };
		EA0F2B2D2C55429F0035FCF9 /* Preview Assets.xcassets */ = {isa = PBXFileReference; lastKnownFileType = folder.assetcatalog; path = "Preview Assets.xcassets"; sourceTree = "<group>"; };
		EA0F2B382C5546B90035FCF9 /* imageLoaderView.swift */ = {isa = PBXFileReference; lastKnownFileType = sourcecode.swift; path = imageLoaderView.swift; sourceTree = "<group>"; };
		EA0F2B3A2C5546E20035FCF9 /* constants.swift */ = {isa = PBXFileReference; lastKnownFileType = sourcecode.swift; path = constants.swift; sourceTree = "<group>"; };
		EA0F2B3C2C554A5B0035FCF9 /* databaseManager.swift */ = {isa = PBXFileReference; lastKnownFileType = sourcecode.swift; path = databaseManager.swift; sourceTree = "<group>"; };
		EA0F2B3E2C5623EB0035FCF9 /* productsModel.swift */ = {isa = PBXFileReference; lastKnownFileType = sourcecode.swift; path = productsModel.swift; sourceTree = "<group>"; };
		EA0F2B402C5624070035FCF9 /* usersModel.swift */ = {isa = PBXFileReference; lastKnownFileType = sourcecode.swift; path = usersModel.swift; sourceTree = "<group>"; };
		EA0F2B4A2C5636D80035FCF9 /* HomeView.swift */ = {isa = PBXFileReference; lastKnownFileType = sourcecode.swift; path = HomeView.swift; sourceTree = "<group>"; };
		EA0F2B4C2C5646F70035FCF9 /* CategoryCell.swift */ = {isa = PBXFileReference; lastKnownFileType = sourcecode.swift; path = CategoryCell.swift; sourceTree = "<group>"; };
		EA0F2B4F2C564B150035FCF9 /* CategoryModel.swift */ = {isa = PBXFileReference; lastKnownFileType = sourcecode.swift; path = CategoryModel.swift; sourceTree = "<group>"; };
		EA6261832C62A47800059D9A /* RecentCell.swift */ = {isa = PBXFileReference; lastKnownFileType = sourcecode.swift; path = RecentCell.swift; sourceTree = "<group>"; };
		EAC1B3C22CA7CDBE0035F4E6 /* PlaylistView.swift */ = {isa = PBXFileReference; lastKnownFileType = sourcecode.swift; path = PlaylistView.swift; sourceTree = "<group>"; };
		EAC1B3C42CA7CE610035F4E6 /* playlistHeaderCell.swift */ = {isa = PBXFileReference; lastKnownFileType = sourcecode.swift; path = playlistHeaderCell.swift; sourceTree = "<group>"; };
		EAC1B3C62CA86E980035F4E6 /* playlistDescCell.swift */ = {isa = PBXFileReference; lastKnownFileType = sourcecode.swift; path = playlistDescCell.swift; sourceTree = "<group>"; };
		EAC1B3C82CA959900035F4E6 /* songRowCell.swift */ = {isa = PBXFileReference; lastKnownFileType = sourcecode.swift; path = songRowCell.swift; sourceTree = "<group>"; };
		EAEE9F8D2C8720F300973BB3 /* NewReleaseCell.swift */ = {isa = PBXFileReference; lastKnownFileType = sourcecode.swift; path = NewReleaseCell.swift; sourceTree = "<group>"; };
		EAEE9F8F2C87412200973BB3 /* RowCellView.swift */ = {isa = PBXFileReference; lastKnownFileType = sourcecode.swift; path = RowCellView.swift; sourceTree = "<group>"; };
/* End PBXFileReference section */

/* Begin PBXFrameworksBuildPhase section */
		EA0F2B202C55429E0035FCF9 /* Frameworks */ = {
			isa = PBXFrameworksBuildPhase;
			buildActionMask = 2147483647;
			files = (
				EA0F2B442C5625780035FCF9 /* SwiftfulUI in Frameworks */,
				EA0F2B472C56262B0035FCF9 /* SwiftfulRouting in Frameworks */,
				EA0F2B362C5545F80035FCF9 /* SDWebImageSwiftUI in Frameworks */,
			);
			runOnlyForDeploymentPostprocessing = 0;
		};
/* End PBXFrameworksBuildPhase section */

/* Begin PBXGroup section */
		EA0F2B1A2C55429E0035FCF9 = {
			isa = PBXGroup;
			children = (
				EA0F2B252C55429E0035FCF9 /* Spotify-SwiftUI */,
				EA0F2B242C55429E0035FCF9 /* Products */,
			);
			sourceTree = "<group>";
		};
		EA0F2B242C55429E0035FCF9 /* Products */ = {
			isa = PBXGroup;
			children = (
				EA0F2B232C55429E0035FCF9 /* Spotify-SwiftUI.app */,
			);
			name = Products;
			sourceTree = "<group>";
		};
		EA0F2B252C55429E0035FCF9 /* Spotify-SwiftUI */ = {
			isa = PBXGroup;
			children = (
				EA0F2B4E2C564AEE0035FCF9 /* Model */,
				EA0F2B492C5636C00035FCF9 /* Components */,
				EA0F2B482C5636B90035FCF9 /* Core */,
				EA0F2B372C55460D0035FCF9 /* Shared */,
				EA0F2B262C55429E0035FCF9 /* Spotify_SwiftUIApp.swift */,
				EA0F2B282C55429E0035FCF9 /* ContentView.swift */,
				EA0F2B2A2C55429F0035FCF9 /* Assets.xcassets */,
				EA0F2B2C2C55429F0035FCF9 /* Preview Content */,
			);
			path = "Spotify-SwiftUI";
			sourceTree = "<group>";
		};
		EA0F2B2C2C55429F0035FCF9 /* Preview Content */ = {
			isa = PBXGroup;
			children = (
				EA0F2B2D2C55429F0035FCF9 /* Preview Assets.xcassets */,
			);
			path = "Preview Content";
			sourceTree = "<group>";
		};
		EA0F2B372C55460D0035FCF9 /* Shared */ = {
			isa = PBXGroup;
			children = (
				EA0F2B382C5546B90035FCF9 /* imageLoaderView.swift */,
				EA0F2B3A2C5546E20035FCF9 /* constants.swift */,
				EA0F2B3C2C554A5B0035FCF9 /* databaseManager.swift */,
			);
			path = Shared;
			sourceTree = "<group>";
		};
		EA0F2B482C5636B90035FCF9 /* Core */ = {
			isa = PBXGroup;
			children = (
				EA0F2B4A2C5636D80035FCF9 /* HomeView.swift */,
				EAC1B3C22CA7CDBE0035F4E6 /* PlaylistView.swift */,
			);
			path = Core;
			sourceTree = "<group>";
		};
		EA0F2B492C5636C00035FCF9 /* Components */ = {
			isa = PBXGroup;
			children = (
				EA0F2B4C2C5646F70035FCF9 /* CategoryCell.swift */,
				EA6261832C62A47800059D9A /* RecentCell.swift */,
				EAEE9F8D2C8720F300973BB3 /* NewReleaseCell.swift */,
				EAEE9F8F2C87412200973BB3 /* RowCellView.swift */,
				EAC1B3C42CA7CE610035F4E6 /* playlistHeaderCell.swift */,
				EAC1B3C62CA86E980035F4E6 /* playlistDescCell.swift */,
				EAC1B3C82CA959900035F4E6 /* songRowCell.swift */,
			);
			path = Components;
			sourceTree = "<group>";
		};
		EA0F2B4E2C564AEE0035FCF9 /* Model */ = {
			isa = PBXGroup;
			children = (
				EA0F2B4F2C564B150035FCF9 /* CategoryModel.swift */,
				EA0F2B3E2C5623EB0035FCF9 /* productsModel.swift */,
				EA0F2B402C5624070035FCF9 /* usersModel.swift */,
			);
			path = Model;
			sourceTree = "<group>";
		};
/* End PBXGroup section */

/* Begin PBXNativeTarget section */
		EA0F2B222C55429E0035FCF9 /* Spotify-SwiftUI */ = {
			isa = PBXNativeTarget;
			buildConfigurationList = EA0F2B312C55429F0035FCF9 /* Build configuration list for PBXNativeTarget "Spotify-SwiftUI" */;
			buildPhases = (
				EA0F2B1F2C55429E0035FCF9 /* Sources */,
				EA0F2B202C55429E0035FCF9 /* Frameworks */,
				EA0F2B212C55429E0035FCF9 /* Resources */,
			);
			buildRules = (
			);
			dependencies = (
			);
			name = "Spotify-SwiftUI";
			packageProductDependencies = (
				EA0F2B352C5545F80035FCF9 /* SDWebImageSwiftUI */,
				EA0F2B432C5625780035FCF9 /* SwiftfulUI */,
				EA0F2B462C56262B0035FCF9 /* SwiftfulRouting */,
			);
			productName = "Spotify-SwiftUI";
			productReference = EA0F2B232C55429E0035FCF9 /* Spotify-SwiftUI.app */;
			productType = "com.apple.product-type.application";
		};
/* End PBXNativeTarget section */

/* Begin PBXProject section */
		EA0F2B1B2C55429E0035FCF9 /* Project object */ = {
			isa = PBXProject;
			attributes = {
				BuildIndependentTargetsInParallel = 1;
				LastSwiftUpdateCheck = 1540;
				LastUpgradeCheck = 1540;
				TargetAttributes = {
					EA0F2B222C55429E0035FCF9 = {
						CreatedOnToolsVersion = 15.4;
					};
				};
			};
			buildConfigurationList = EA0F2B1E2C55429E0035FCF9 /* Build configuration list for PBXProject "Spotify-SwiftUI" */;
			compatibilityVersion = "Xcode 14.0";
			developmentRegion = en;
			hasScannedForEncodings = 0;
			knownRegions = (
				en,
				Base,
			);
			mainGroup = EA0F2B1A2C55429E0035FCF9;
			packageReferences = (
				EA0F2B342C5545F80035FCF9 /* XCRemoteSwiftPackageReference "SDWebImageSwiftUI" */,
				EA0F2B422C5625780035FCF9 /* XCRemoteSwiftPackageReference "SwiftfulUI" */,
				EA0F2B452C56262B0035FCF9 /* XCRemoteSwiftPackageReference "SwiftfulRouting" */,
			);
			productRefGroup = EA0F2B242C55429E0035FCF9 /* Products */;
			projectDirPath = "";
			projectRoot = "";
			targets = (
				EA0F2B222C55429E0035FCF9 /* Spotify-SwiftUI */,
			);
		};
/* End PBXProject section */

/* Begin PBXResourcesBuildPhase section */
		EA0F2B212C55429E0035FCF9 /* Resources */ = {
			isa = PBXResourcesBuildPhase;
			buildActionMask = 2147483647;
			files = (
				EA0F2B2E2C55429F0035FCF9 /* Preview Assets.xcassets in Resources */,
				EA0F2B2B2C55429F0035FCF9 /* Assets.xcassets in Resources */,
			);
			runOnlyForDeploymentPostprocessing = 0;
		};
/* End PBXResourcesBuildPhase section */

/* Begin PBXSourcesBuildPhase section */
		EA0F2B1F2C55429E0035FCF9 /* Sources */ = {
			isa = PBXSourcesBuildPhase;
			buildActionMask = 2147483647;
			files = (
				EA0F2B3D2C554A5B0035FCF9 /* databaseManager.swift in Sources */,
				EA0F2B292C55429E0035FCF9 /* ContentView.swift in Sources */,
				EAC1B3C72CA86E980035F4E6 /* playlistDescCell.swift in Sources */,
				EAEE9F8E2C8720F300973BB3 /* NewReleaseCell.swift in Sources */,
				EAC1B3C92CA959900035F4E6 /* songRowCell.swift in Sources */,
				EA0F2B272C55429E0035FCF9 /* Spotify_SwiftUIApp.swift in Sources */,
				EA0F2B502C564B150035FCF9 /* CategoryModel.swift in Sources */,
				EA0F2B412C5624070035FCF9 /* usersModel.swift in Sources */,
				EA0F2B3F2C5623EB0035FCF9 /* productsModel.swift in Sources */,
				EA0F2B4D2C5646F70035FCF9 /* CategoryCell.swift in Sources */,
				EAC1B3C32CA7CDBE0035F4E6 /* PlaylistView.swift in Sources */,
				EA0F2B4B2C5636D80035FCF9 /* HomeView.swift in Sources */,
				EA6261842C62A47800059D9A /* RecentCell.swift in Sources */,
				EAEE9F902C87412200973BB3 /* RowCellView.swift in Sources */,
				EAC1B3C52CA7CE610035F4E6 /* playlistHeaderCell.swift in Sources */,
				EA0F2B392C5546B90035FCF9 /* imageLoaderView.swift in Sources */,
				EA0F2B3B2C5546E20035FCF9 /* constants.swift in Sources */,
			);
			runOnlyForDeploymentPostprocessing = 0;
		};
/* End PBXSourcesBuildPhase section */

/* Begin XCBuildConfiguration section */
		EA0F2B2F2C55429F0035FCF9 /* Debug */ = {
			isa = XCBuildConfiguration;
			buildSettings = {
				ALWAYS_SEARCH_USER_PATHS = NO;
				ASSETCATALOG_COMPILER_GENERATE_SWIFT_ASSET_SYMBOL_EXTENSIONS = YES;
				CLANG_ANALYZER_NONNULL = YES;
				CLANG_ANALYZER_NUMBER_OBJECT_CONVERSION = YES_AGGRESSIVE;
				CLANG_CXX_LANGUAGE_STANDARD = "gnu++20";
				CLANG_ENABLE_MODULES = YES;
				CLANG_ENABLE_OBJC_ARC = YES;
				CLANG_ENABLE_OBJC_WEAK = YES;
				CLANG_WARN_BLOCK_CAPTURE_AUTORELEASING = YES;
				CLANG_WARN_BOOL_CONVERSION = YES;
				CLANG_WARN_COMMA = YES;
				CLANG_WARN_CONSTANT_CONVERSION = YES;
				CLANG_WARN_DEPRECATED_OBJC_IMPLEMENTATIONS = YES;
				CLANG_WARN_DIRECT_OBJC_ISA_USAGE = YES_ERROR;
				CLANG_WARN_DOCUMENTATION_COMMENTS = YES;
				CLANG_WARN_EMPTY_BODY = YES;
				CLANG_WARN_ENUM_CONVERSION = YES;
				CLANG_WARN_INFINITE_RECURSION = YES;
				CLANG_WARN_INT_CONVERSION = YES;
				CLANG_WARN_NON_LITERAL_NULL_CONVERSION = YES;
				CLANG_WARN_OBJC_IMPLICIT_RETAIN_SELF = YES;
				CLANG_WARN_OBJC_LITERAL_CONVERSION = YES;
				CLANG_WARN_OBJC_ROOT_CLASS = YES_ERROR;
				CLANG_WARN_QUOTED_INCLUDE_IN_FRAMEWORK_HEADER = YES;
				CLANG_WARN_RANGE_LOOP_ANALYSIS = YES;
				CLANG_WARN_STRICT_PROTOTYPES = YES;
				CLANG_WARN_SUSPICIOUS_MOVE = YES;
				CLANG_WARN_UNGUARDED_AVAILABILITY = YES_AGGRESSIVE;
				CLANG_WARN_UNREACHABLE_CODE = YES;
				CLANG_WARN__DUPLICATE_METHOD_MATCH = YES;
				COPY_PHASE_STRIP = NO;
				DEBUG_INFORMATION_FORMAT = dwarf;
				ENABLE_STRICT_OBJC_MSGSEND = YES;
				ENABLE_TESTABILITY = YES;
				ENABLE_USER_SCRIPT_SANDBOXING = YES;
				GCC_C_LANGUAGE_STANDARD = gnu17;
				GCC_DYNAMIC_NO_PIC = NO;
				GCC_NO_COMMON_BLOCKS = YES;
				GCC_OPTIMIZATION_LEVEL = 0;
				GCC_PREPROCESSOR_DEFINITIONS = (
					"DEBUG=1",
					"$(inherited)",
				);
				GCC_WARN_64_TO_32_BIT_CONVERSION = YES;
				GCC_WARN_ABOUT_RETURN_TYPE = YES_ERROR;
				GCC_WARN_UNDECLARED_SELECTOR = YES;
				GCC_WARN_UNINITIALIZED_AUTOS = YES_AGGRESSIVE;
				GCC_WARN_UNUSED_FUNCTION = YES;
				GCC_WARN_UNUSED_VARIABLE = YES;
				IPHONEOS_DEPLOYMENT_TARGET = 17.5;
				LOCALIZATION_PREFERS_STRING_CATALOGS = YES;
				MTL_ENABLE_DEBUG_INFO = INCLUDE_SOURCE;
				MTL_FAST_MATH = YES;
				ONLY_ACTIVE_ARCH = YES;
				SDKROOT = iphoneos;
				SWIFT_ACTIVE_COMPILATION_CONDITIONS = "DEBUG $(inherited)";
				SWIFT_OPTIMIZATION_LEVEL = "-Onone";
			};
			name = Debug;
		};
		EA0F2B302C55429F0035FCF9 /* Release */ = {
			isa = XCBuildConfiguration;
			buildSettings = {
				ALWAYS_SEARCH_USER_PATHS = NO;
				ASSETCATALOG_COMPILER_GENERATE_SWIFT_ASSET_SYMBOL_EXTENSIONS = YES;
				CLANG_ANALYZER_NONNULL = YES;
				CLANG_ANALYZER_NUMBER_OBJECT_CONVERSION = YES_AGGRESSIVE;
				CLANG_CXX_LANGUAGE_STANDARD = "gnu++20";
				CLANG_ENABLE_MODULES = YES;
				CLANG_ENABLE_OBJC_ARC = YES;
				CLANG_ENABLE_OBJC_WEAK = YES;
				CLANG_WARN_BLOCK_CAPTURE_AUTORELEASING = YES;
				CLANG_WARN_BOOL_CONVERSION = YES;
				CLANG_WARN_COMMA = YES;
				CLANG_WARN_CONSTANT_CONVERSION = YES;
				CLANG_WARN_DEPRECATED_OBJC_IMPLEMENTATIONS = YES;
				CLANG_WARN_DIRECT_OBJC_ISA_USAGE = YES_ERROR;
				CLANG_WARN_DOCUMENTATION_COMMENTS = YES;
				CLANG_WARN_EMPTY_BODY = YES;
				CLANG_WARN_ENUM_CONVERSION = YES;
				CLANG_WARN_INFINITE_RECURSION = YES;
				CLANG_WARN_INT_CONVERSION = YES;
				CLANG_WARN_NON_LITERAL_NULL_CONVERSION = YES;
				CLANG_WARN_OBJC_IMPLICIT_RETAIN_SELF = YES;
				CLANG_WARN_OBJC_LITERAL_CONVERSION = YES;
				CLANG_WARN_OBJC_ROOT_CLASS = YES_ERROR;
				CLANG_WARN_QUOTED_INCLUDE_IN_FRAMEWORK_HEADER = YES;
				CLANG_WARN_RANGE_LOOP_ANALYSIS = YES;
				CLANG_WARN_STRICT_PROTOTYPES = YES;
				CLANG_WARN_SUSPICIOUS_MOVE = YES;
				CLANG_WARN_UNGUARDED_AVAILABILITY = YES_AGGRESSIVE;
				CLANG_WARN_UNREACHABLE_CODE = YES;
				CLANG_WARN__DUPLICATE_METHOD_MATCH = YES;
				COPY_PHASE_STRIP = NO;
				DEBUG_INFORMATION_FORMAT = "dwarf-with-dsym";
				ENABLE_NS_ASSERTIONS = NO;
				ENABLE_STRICT_OBJC_MSGSEND = YES;
				ENABLE_USER_SCRIPT_SANDBOXING = YES;
				GCC_C_LANGUAGE_STANDARD = gnu17;
				GCC_NO_COMMON_BLOCKS = YES;
				GCC_WARN_64_TO_32_BIT_CONVERSION = YES;
				GCC_WARN_ABOUT_RETURN_TYPE = YES_ERROR;
				GCC_WARN_UNDECLARED_SELECTOR = YES;
				GCC_WARN_UNINITIALIZED_AUTOS = YES_AGGRESSIVE;
				GCC_WARN_UNUSED_FUNCTION = YES;
				GCC_WARN_UNUSED_VARIABLE = YES;
				IPHONEOS_DEPLOYMENT_TARGET = 17.5;
				LOCALIZATION_PREFERS_STRING_CATALOGS = YES;
				MTL_ENABLE_DEBUG_INFO = NO;
				MTL_FAST_MATH = YES;
				SDKROOT = iphoneos;
				SWIFT_COMPILATION_MODE = wholemodule;
				VALIDATE_PRODUCT = YES;
			};
			name = Release;
		};
		EA0F2B322C55429F0035FCF9 /* Debug */ = {
			isa = XCBuildConfiguration;
			buildSettings = {
				ASSETCATALOG_COMPILER_APPICON_NAME = AppIcon;
				ASSETCATALOG_COMPILER_GLOBAL_ACCENT_COLOR_NAME = AccentColor;
				CODE_SIGN_STYLE = Automatic;
				CURRENT_PROJECT_VERSION = 1;
				DEVELOPMENT_ASSET_PATHS = "\"Spotify-SwiftUI/Preview Content\"";
				ENABLE_PREVIEWS = YES;
				GENERATE_INFOPLIST_FILE = YES;
				INFOPLIST_KEY_UIApplicationSceneManifest_Generation = YES;
				INFOPLIST_KEY_UIApplicationSupportsIndirectInputEvents = YES;
				INFOPLIST_KEY_UILaunchScreen_Generation = YES;
				INFOPLIST_KEY_UISupportedInterfaceOrientations_iPad = "UIInterfaceOrientationPortrait UIInterfaceOrientationPortraitUpsideDown UIInterfaceOrientationLandscapeLeft UIInterfaceOrientationLandscapeRight";
				INFOPLIST_KEY_UISupportedInterfaceOrientations_iPhone = "UIInterfaceOrientationPortrait UIInterfaceOrientationLandscapeLeft UIInterfaceOrientationLandscapeRight";
				LD_RUNPATH_SEARCH_PATHS = (
					"$(inherited)",
					"@executable_path/Frameworks",
				);
				MARKETING_VERSION = 1.0;
				PRODUCT_BUNDLE_IDENTIFIER = "com.weatherApp.com.Spotify-SwiftUI";
				PRODUCT_NAME = "$(TARGET_NAME)";
				SWIFT_EMIT_LOC_STRINGS = YES;
				SWIFT_VERSION = 5.0;
				TARGETED_DEVICE_FAMILY = "1,2";
			};
			name = Debug;
		};
		EA0F2B332C55429F0035FCF9 /* Release */ = {
			isa = XCBuildConfiguration;
			buildSettings = {
				ASSETCATALOG_COMPILER_APPICON_NAME = AppIcon;
				ASSETCATALOG_COMPILER_GLOBAL_ACCENT_COLOR_NAME = AccentColor;
				CODE_SIGN_STYLE = Automatic;
				CURRENT_PROJECT_VERSION = 1;
				DEVELOPMENT_ASSET_PATHS = "\"Spotify-SwiftUI/Preview Content\"";
				ENABLE_PREVIEWS = YES;
				GENERATE_INFOPLIST_FILE = YES;
				INFOPLIST_KEY_UIApplicationSceneManifest_Generation = YES;
				INFOPLIST_KEY_UIApplicationSupportsIndirectInputEvents = YES;
				INFOPLIST_KEY_UILaunchScreen_Generation = YES;
				INFOPLIST_KEY_UISupportedInterfaceOrientations_iPad = "UIInterfaceOrientationPortrait UIInterfaceOrientationPortraitUpsideDown UIInterfaceOrientationLandscapeLeft UIInterfaceOrientationLandscapeRight";
				INFOPLIST_KEY_UISupportedInterfaceOrientations_iPhone = "UIInterfaceOrientationPortrait UIInterfaceOrientationLandscapeLeft UIInterfaceOrientationLandscapeRight";
				LD_RUNPATH_SEARCH_PATHS = (
					"$(inherited)",
					"@executable_path/Frameworks",
				);
				MARKETING_VERSION = 1.0;
				PRODUCT_BUNDLE_IDENTIFIER = "com.weatherApp.com.Spotify-SwiftUI";
				PRODUCT_NAME = "$(TARGET_NAME)";
				SWIFT_EMIT_LOC_STRINGS = YES;
				SWIFT_VERSION = 5.0;
				TARGETED_DEVICE_FAMILY = "1,2";
			};
			name = Release;
		};
/* End XCBuildConfiguration section */

/* Begin XCConfigurationList section */
		EA0F2B1E2C55429E0035FCF9 /* Build configuration list for PBXProject "Spotify-SwiftUI" */ = {
			isa = XCConfigurationList;
			buildConfigurations = (
				EA0F2B2F2C55429F0035FCF9 /* Debug */,
				EA0F2B302C55429F0035FCF9 /* Release */,
			);
			defaultConfigurationIsVisible = 0;
			defaultConfigurationName = Release;
		};
		EA0F2B312C55429F0035FCF9 /* Build configuration list for PBXNativeTarget "Spotify-SwiftUI" */ = {
			isa = XCConfigurationList;
			buildConfigurations = (
				EA0F2B322C55429F0035FCF9 /* Debug */,
				EA0F2B332C55429F0035FCF9 /* Release */,
			);
			defaultConfigurationIsVisible = 0;
			defaultConfigurationName = Release;
		};
/* End XCConfigurationList section */

/* Begin XCRemoteSwiftPackageReference section */
		EA0F2B342C5545F80035FCF9 /* XCRemoteSwiftPackageReference "SDWebImageSwiftUI" */ = {
			isa = XCRemoteSwiftPackageReference;
			repositoryURL = "https://github.com/SDWebImage/SDWebImageSwiftUI.git";
			requirement = {
				kind = upToNextMajorVersion;
				minimumVersion = 3.1.1;
			};
		};
		EA0F2B422C5625780035FCF9 /* XCRemoteSwiftPackageReference "SwiftfulUI" */ = {
			isa = XCRemoteSwiftPackageReference;
			repositoryURL = "https://github.com/SwiftfulThinking/SwiftfulUI.git";
			requirement = {
				kind = upToNextMajorVersion;
				minimumVersion = 1.2.0;
			};
		};
		EA0F2B452C56262B0035FCF9 /* XCRemoteSwiftPackageReference "SwiftfulRouting" */ = {
			isa = XCRemoteSwiftPackageReference;
			repositoryURL = "https://github.com/SwiftfulThinking/SwiftfulRouting.git";
			requirement = {
				kind = upToNextMajorVersion;
				minimumVersion = 5.3.5;
			};
		};
/* End XCRemoteSwiftPackageReference section */

/* Begin XCSwiftPackageProductDependency section */
		EA0F2B352C5545F80035FCF9 /* SDWebImageSwiftUI */ = {
			isa = XCSwiftPackageProductDependency;
			package = EA0F2B342C5545F80035FCF9 /* XCRemoteSwiftPackageReference "SDWebImageSwiftUI" */;
			productName = SDWebImageSwiftUI;
		};
		EA0F2B432C5625780035FCF9 /* SwiftfulUI */ = {
			isa = XCSwiftPackageProductDependency;
			package = EA0F2B422C5625780035FCF9 /* XCRemoteSwiftPackageReference "SwiftfulUI" */;
			productName = SwiftfulUI;
		};
		EA0F2B462C56262B0035FCF9 /* SwiftfulRouting */ = {
			isa = XCSwiftPackageProductDependency;
			package = EA0F2B452C56262B0035FCF9 /* XCRemoteSwiftPackageReference "SwiftfulRouting" */;
			productName = SwiftfulRouting;
		};
/* End XCSwiftPackageProductDependency section */
	};
	rootObject = EA0F2B1B2C55429E0035FCF9 /* Project object */;
}
